// !$*UTF8*$!
{
	archiveVersion = 1;
	classes = {
	};
	objectVersion = 50;
	objects = {

/* Begin PBXBuildFile section */
		E6433BA721F6C42C003E8419 /* AppDelegate.m in Sources */ = {isa = PBXBuildFile; fileRef = E6433BA621F6C42C003E8419 /* AppDelegate.m */; };
		E6433BAA21F6C42C003E8419 /* ViewController.m in Sources */ = {isa = PBXBuildFile; fileRef = E6433BA921F6C42C003E8419 /* ViewController.m */; };
		E6433BAD21F6C42C003E8419 /* Main.storyboard in Resources */ = {isa = PBXBuildFile; fileRef = E6433BAB21F6C42C003E8419 /* Main.storyboard */; };
		E6433BAF21F6C42D003E8419 /* Assets.xcassets in Resources */ = {isa = PBXBuildFile; fileRef = E6433BAE21F6C42D003E8419 /* Assets.xcassets */; };
		E6433BB221F6C42D003E8419 /* LaunchScreen.storyboard in Resources */ = {isa = PBXBuildFile; fileRef = E6433BB021F6C42D003E8419 /* LaunchScreen.storyboard */; };
		E6433BB521F6C42D003E8419 /* main.m in Sources */ = {isa = PBXBuildFile; fileRef = E6433BB421F6C42D003E8419 /* main.m */; };
		E6433BBF21F6C42D003E8419 /* SillySnakeTests.m in Sources */ = {isa = PBXBuildFile; fileRef = E6433BBE21F6C42D003E8419 /* SillySnakeTests.m */; };
		E6433BCA21F6C42D003E8419 /* SillySnakeUITests.m in Sources */ = {isa = PBXBuildFile; fileRef = E6433BC921F6C42D003E8419 /* SillySnakeUITests.m */; };
/* End PBXBuildFile section */

/* Begin PBXContainerItemProxy section */
		E6433BBB21F6C42D003E8419 /* PBXContainerItemProxy */ = {
			isa = PBXContainerItemProxy;
			containerPortal = E6433B9A21F6C42C003E8419 /* Project object */;
			proxyType = 1;
			remoteGlobalIDString = E6433BA121F6C42C003E8419;
			remoteInfo = SillySnake;
		};
		E6433BC621F6C42D003E8419 /* PBXContainerItemProxy */ = {
			isa = PBXContainerItemProxy;
			containerPortal = E6433B9A21F6C42C003E8419 /* Project object */;
			proxyType = 1;
			remoteGlobalIDString = E6433BA121F6C42C003E8419;
			remoteInfo = SillySnake;
		};
/* End PBXContainerItemProxy section */

/* Begin PBXFileReference section */
		E6433BA221F6C42C003E8419 /* SillySnake.app */ = {isa = PBXFileReference; explicitFileType = wrapper.application; includeInIndex = 0; path = SillySnake.app; sourceTree = BUILT_PRODUCTS_DIR; };
		E6433BA521F6C42C003E8419 /* AppDelegate.h */ = {isa = PBXFileReference; lastKnownFileType = sourcecode.c.h; path = AppDelegate.h; sourceTree = "<group>"; };
		E6433BA621F6C42C003E8419 /* AppDelegate.m */ = {isa = PBXFileReference; lastKnownFileType = sourcecode.c.objc; path = AppDelegate.m; sourceTree = "<group>"; };
		E6433BA821F6C42C003E8419 /* ViewController.h */ = {isa = PBXFileReference; lastKnownFileType = sourcecode.c.h; path = ViewController.h; sourceTree = "<group>"; };
		E6433BA921F6C42C003E8419 /* ViewController.m */ = {isa = PBXFileReference; lastKnownFileType = sourcecode.c.objc; path = ViewController.m; sourceTree = "<group>"; };
		E6433BAC21F6C42C003E8419 /* Base */ = {isa = PBXFileReference; lastKnownFileType = file.storyboard; name = Base; path = Base.lproj/Main.storyboard; sourceTree = "<group>"; };
		E6433BAE21F6C42D003E8419 /* Assets.xcassets */ = {isa = PBXFileReference; lastKnownFileType = folder.assetcatalog; path = Assets.xcassets; sourceTree = "<group>"; };
		E6433BB121F6C42D003E8419 /* Base */ = {isa = PBXFileReference; lastKnownFileType = file.storyboard; name = Base; path = Base.lproj/LaunchScreen.storyboard; sourceTree = "<group>"; };
		E6433BB321F6C42D003E8419 /* Info.plist */ = {isa = PBXFileReference; lastKnownFileType = text.plist.xml; path = Info.plist; sourceTree = "<group>"; };
		E6433BB421F6C42D003E8419 /* main.m */ = {isa = PBXFileReference; lastKnownFileType = sourcecode.c.objc; path = main.m; sourceTree = "<group>"; };
		E6433BBA21F6C42D003E8419 /* SillySnakeTests.xctest */ = {isa = PBXFileReference; explicitFileType = wrapper.cfbundle; includeInIndex = 0; path = SillySnakeTests.xctest; sourceTree = BUILT_PRODUCTS_DIR; };
		E6433BBE21F6C42D003E8419 /* SillySnakeTests.m */ = {isa = PBXFileReference; lastKnownFileType = sourcecode.c.objc; path = SillySnakeTests.m; sourceTree = "<group>"; };
		E6433BC021F6C42D003E8419 /* Info.plist */ = {isa = PBXFileReference; lastKnownFileType = text.plist.xml; path = Info.plist; sourceTree = "<group>"; };
		E6433BC521F6C42D003E8419 /* SillySnakeUITests.xctest */ = {isa = PBXFileReference; explicitFileType = wrapper.cfbundle; includeInIndex = 0; path = SillySnakeUITests.xctest; sourceTree = BUILT_PRODUCTS_DIR; };
		E6433BC921F6C42D003E8419 /* SillySnakeUITests.m */ = {isa = PBXFileReference; lastKnownFileType = sourcecode.c.objc; path = SillySnakeUITests.m; sourceTree = "<group>"; };
		E6433BCB21F6C42D003E8419 /* Info.plist */ = {isa = PBXFileReference; lastKnownFileType = text.plist.xml; path = Info.plist; sourceTree = "<group>"; };
/* End PBXFileReference section */

/* Begin PBXFrameworksBuildPhase section */
		E6433B9F21F6C42C003E8419 /* Frameworks */ = {
			isa = PBXFrameworksBuildPhase;
			buildActionMask = 2147483647;
			files = (
			);
			runOnlyForDeploymentPostprocessing = 0;
		};
		E6433BB721F6C42D003E8419 /* Frameworks */ = {
			isa = PBXFrameworksBuildPhase;
			buildActionMask = 2147483647;
			files = (
			);
			runOnlyForDeploymentPostprocessing = 0;
		};
		E6433BC221F6C42D003E8419 /* Frameworks */ = {
			isa = PBXFrameworksBuildPhase;
			buildActionMask = 2147483647;
			files = (
			);
			runOnlyForDeploymentPostprocessing = 0;
		};
/* End PBXFrameworksBuildPhase section */

/* Begin PBXGroup section */
		E6433B9921F6C42C003E8419 = {
			isa = PBXGroup;
			children = (
				E6433BA421F6C42C003E8419 /* SillySnake */,
				E6433BBD21F6C42D003E8419 /* SillySnakeTests */,
				E6433BC821F6C42D003E8419 /* SillySnakeUITests */,
				E6433BA321F6C42C003E8419 /* Products */,
			);
			sourceTree = "<group>";
		};
		E6433BA321F6C42C003E8419 /* Products */ = {
			isa = PBXGroup;
			children = (
				E6433BA221F6C42C003E8419 /* SillySnake.app */,
				E6433BBA21F6C42D003E8419 /* SillySnakeTests.xctest */,
				E6433BC521F6C42D003E8419 /* SillySnakeUITests.xctest */,
			);
			name = Products;
			sourceTree = "<group>";
		};
		E6433BA421F6C42C003E8419 /* SillySnake */ = {
			isa = PBXGroup;
			children = (
				E6433BA521F6C42C003E8419 /* AppDelegate.h */,
				E6433BA621F6C42C003E8419 /* AppDelegate.m */,
				E6433BA821F6C42C003E8419 /* ViewController.h */,
				E6433BA921F6C42C003E8419 /* ViewController.m */,
				E6433BAB21F6C42C003E8419 /* Main.storyboard */,
				E6433BAE21F6C42D003E8419 /* Assets.xcassets */,
				E6433BB021F6C42D003E8419 /* LaunchScreen.storyboard */,
				E6433BB321F6C42D003E8419 /* Info.plist */,
				E6433BB421F6C42D003E8419 /* main.m */,
			);
			path = SillySnake;
			sourceTree = "<group>";
		};
		E6433BBD21F6C42D003E8419 /* SillySnakeTests */ = {
			isa = PBXGroup;
			children = (
				E6433BBE21F6C42D003E8419 /* SillySnakeTests.m */,
				E6433BC021F6C42D003E8419 /* Info.plist */,
			);
			path = SillySnakeTests;
			sourceTree = "<group>";
		};
		E6433BC821F6C42D003E8419 /* SillySnakeUITests */ = {
			isa = PBXGroup;
			children = (
				E6433BC921F6C42D003E8419 /* SillySnakeUITests.m */,
				E6433BCB21F6C42D003E8419 /* Info.plist */,
			);
			path = SillySnakeUITests;
			sourceTree = "<group>";
		};
/* End PBXGroup section */

/* Begin PBXNativeTarget section */
		E6433BA121F6C42C003E8419 /* SillySnake */ = {
			isa = PBXNativeTarget;
			buildConfigurationList = E6433BCE21F6C42D003E8419 /* Build configuration list for PBXNativeTarget "SillySnake" */;
			buildPhases = (
				E6433B9E21F6C42C003E8419 /* Sources */,
				E6433B9F21F6C42C003E8419 /* Frameworks */,
				E6433BA021F6C42C003E8419 /* Resources */,
			);
			buildRules = (
			);
			dependencies = (
			);
			name = SillySnake;
			productName = SillySnake;
			productReference = E6433BA221F6C42C003E8419 /* SillySnake.app */;
			productType = "com.apple.product-type.application";
		};
		E6433BB921F6C42D003E8419 /* SillySnakeTests */ = {
			isa = PBXNativeTarget;
			buildConfigurationList = E6433BD121F6C42D003E8419 /* Build configuration list for PBXNativeTarget "SillySnakeTests" */;
			buildPhases = (
				E6433BB621F6C42D003E8419 /* Sources */,
				E6433BB721F6C42D003E8419 /* Frameworks */,
				E6433BB821F6C42D003E8419 /* Resources */,
			);
			buildRules = (
			);
			dependencies = (
				E6433BBC21F6C42D003E8419 /* PBXTargetDependency */,
			);
			name = SillySnakeTests;
			productName = SillySnakeTests;
			productReference = E6433BBA21F6C42D003E8419 /* SillySnakeTests.xctest */;
			productType = "com.apple.product-type.bundle.unit-test";
		};
		E6433BC421F6C42D003E8419 /* SillySnakeUITests */ = {
			isa = PBXNativeTarget;
			buildConfigurationList = E6433BD421F6C42D003E8419 /* Build configuration list for PBXNativeTarget "SillySnakeUITests" */;
			buildPhases = (
				E6433BC121F6C42D003E8419 /* Sources */,
				E6433BC221F6C42D003E8419 /* Frameworks */,
				E6433BC321F6C42D003E8419 /* Resources */,
			);
			buildRules = (
			);
			dependencies = (
				E6433BC721F6C42D003E8419 /* PBXTargetDependency */,
			);
			name = SillySnakeUITests;
			productName = SillySnakeUITests;
			productReference = E6433BC521F6C42D003E8419 /* SillySnakeUITests.xctest */;
			productType = "com.apple.product-type.bundle.ui-testing";
		};
/* End PBXNativeTarget section */

/* Begin PBXProject section */
		E6433B9A21F6C42C003E8419 /* Project object */ = {
			isa = PBXProject;
			attributes = {
				LastUpgradeCheck = 1010;
				ORGANIZATIONNAME = "Annie Lee";
				TargetAttributes = {
					E6433BA121F6C42C003E8419 = {
						CreatedOnToolsVersion = 10.1;
					};
					E6433BB921F6C42D003E8419 = {
						CreatedOnToolsVersion = 10.1;
						TestTargetID = E6433BA121F6C42C003E8419;
					};
					E6433BC421F6C42D003E8419 = {
						CreatedOnToolsVersion = 10.1;
						TestTargetID = E6433BA121F6C42C003E8419;
					};
				};
			};
			buildConfigurationList = E6433B9D21F6C42C003E8419 /* Build configuration list for PBXProject "SillySnake" */;
			compatibilityVersion = "Xcode 9.3";
			developmentRegion = en;
			hasScannedForEncodings = 0;
			knownRegions = (
				en,
				Base,
			);
			mainGroup = E6433B9921F6C42C003E8419;
			productRefGroup = E6433BA321F6C42C003E8419 /* Products */;
			projectDirPath = "";
			projectRoot = "";
			targets = (
				E6433BA121F6C42C003E8419 /* SillySnake */,
				E6433BB921F6C42D003E8419 /* SillySnakeTests */,
				E6433BC421F6C42D003E8419 /* SillySnakeUITests */,
			);
		};
/* End PBXProject section */

/* Begin PBXResourcesBuildPhase section */
		E6433BA021F6C42C003E8419 /* Resources */ = {
			isa = PBXResourcesBuildPhase;
			buildActionMask = 2147483647;
			files = (
				E6433BB221F6C42D003E8419 /* LaunchScreen.storyboard in Resources */,
				E6433BAF21F6C42D003E8419 /* Assets.xcassets in Resources */,
				E6433BAD21F6C42C003E8419 /* Main.storyboard in Resources */,
			);
			runOnlyForDeploymentPostprocessing = 0;
		};
		E6433BB821F6C42D003E8419 /* Resources */ = {
			isa = PBXResourcesBuildPhase;
			buildActionMask = 2147483647;
			files = (
			);
			runOnlyForDeploymentPostprocessing = 0;
		};
		E6433BC321F6C42D003E8419 /* Resources */ = {
			isa = PBXResourcesBuildPhase;
			buildActionMask = 2147483647;
			files = (
			);
			runOnlyForDeploymentPostprocessing = 0;
		};
/* End PBXResourcesBuildPhase section */

/* Begin PBXSourcesBuildPhase section */
		E6433B9E21F6C42C003E8419 /* Sources */ = {
			isa = PBXSourcesBuildPhase;
			buildActionMask = 2147483647;
			files = (
				E6433BAA21F6C42C003E8419 /* ViewController.m in Sources */,
				E6433BB521F6C42D003E8419 /* main.m in Sources */,
				E6433BA721F6C42C003E8419 /* AppDelegate.m in Sources */,
			);
			runOnlyForDeploymentPostprocessing = 0;
		};
		E6433BB621F6C42D003E8419 /* Sources */ = {
			isa = PBXSourcesBuildPhase;
			buildActionMask = 2147483647;
			files = (
				E6433BBF21F6C42D003E8419 /* SillySnakeTests.m in Sources */,
			);
			runOnlyForDeploymentPostprocessing = 0;
		};
		E6433BC121F6C42D003E8419 /* Sources */ = {
			isa = PBXSourcesBuildPhase;
			buildActionMask = 2147483647;
			files = (
				E6433BCA21F6C42D003E8419 /* SillySnakeUITests.m in Sources */,
			);
			runOnlyForDeploymentPostprocessing = 0;
		};
/* End PBXSourcesBuildPhase section */

/* Begin PBXTargetDependency section */
		E6433BBC21F6C42D003E8419 /* PBXTargetDependency */ = {
			isa = PBXTargetDependency;
			target = E6433BA121F6C42C003E8419 /* SillySnake */;
			targetProxy = E6433BBB21F6C42D003E8419 /* PBXContainerItemProxy */;
		};
		E6433BC721F6C42D003E8419 /* PBXTargetDependency */ = {
			isa = PBXTargetDependency;
			target = E6433BA121F6C42C003E8419 /* SillySnake */;
			targetProxy = E6433BC621F6C42D003E8419 /* PBXContainerItemProxy */;
		};
/* End PBXTargetDependency section */

/* Begin PBXVariantGroup section */
		E6433BAB21F6C42C003E8419 /* Main.storyboard */ = {
			isa = PBXVariantGroup;
			children = (
				E6433BAC21F6C42C003E8419 /* Base */,
			);
			name = Main.storyboard;
			sourceTree = "<group>";
		};
		E6433BB021F6C42D003E8419 /* LaunchScreen.storyboard */ = {
			isa = PBXVariantGroup;
			children = (
				E6433BB121F6C42D003E8419 /* Base */,
			);
			name = LaunchScreen.storyboard;
			sourceTree = "<group>";
		};
/* End PBXVariantGroup section */

/* Begin XCBuildConfiguration section */
		E6433BCC21F6C42D003E8419 /* Debug */ = {
			isa = XCBuildConfiguration;
			buildSettings = {
				ALWAYS_SEARCH_USER_PATHS = NO;
				CLANG_ANALYZER_NONNULL = YES;
				CLANG_ANALYZER_NUMBER_OBJECT_CONVERSION = YES_AGGRESSIVE;
				CLANG_CXX_LANGUAGE_STANDARD = "gnu++14";
				CLANG_CXX_LIBRARY = "libc++";
				CLANG_ENABLE_MODULES = YES;
				CLANG_ENABLE_OBJC_ARC = YES;
				CLANG_ENABLE_OBJC_WEAK = YES;
				CLANG_WARN_BLOCK_CAPTURE_AUTORELEASING = YES;
				CLANG_WARN_BOOL_CONVERSION = YES;
				CLANG_WARN_COMMA = YES;
				CLANG_WARN_CONSTANT_CONVERSION = YES;
				CLANG_WARN_DEPRECATED_OBJC_IMPLEMENTATIONS = YES;
				CLANG_WARN_DIRECT_OBJC_ISA_USAGE = YES_ERROR;
				CLANG_WARN_DOCUMENTATION_COMMENTS = YES;
				CLANG_WARN_EMPTY_BODY = YES;
				CLANG_WARN_ENUM_CONVERSION = YES;
				CLANG_WARN_INFINITE_RECURSION = YES;
				CLANG_WARN_INT_CONVERSION = YES;
				CLANG_WARN_NON_LITERAL_NULL_CONVERSION = YES;
				CLANG_WARN_OBJC_IMPLICIT_RETAIN_SELF = YES;
				CLANG_WARN_OBJC_LITERAL_CONVERSION = YES;
				CLANG_WARN_OBJC_ROOT_CLASS = YES_ERROR;
				CLANG_WARN_RANGE_LOOP_ANALYSIS = YES;
				CLANG_WARN_STRICT_PROTOTYPES = YES;
				CLANG_WARN_SUSPICIOUS_MOVE = YES;
				CLANG_WARN_UNGUARDED_AVAILABILITY = YES_AGGRESSIVE;
				CLANG_WARN_UNREACHABLE_CODE = YES;
				CLANG_WARN__DUPLICATE_METHOD_MATCH = YES;
				CODE_SIGN_IDENTITY = "iPhone Developer";
				COPY_PHASE_STRIP = NO;
				DEBUG_INFORMATION_FORMAT = dwarf;
				ENABLE_STRICT_OBJC_MSGSEND = YES;
				ENABLE_TESTABILITY = YES;
				GCC_C_LANGUAGE_STANDARD = gnu11;
				GCC_DYNAMIC_NO_PIC = NO;
				GCC_NO_COMMON_BLOCKS = YES;
				GCC_OPTIMIZATION_LEVEL = 0;
				GCC_PREPROCESSOR_DEFINITIONS = (
					"DEBUG=1",
					"$(inherited)",
				);
				GCC_WARN_64_TO_32_BIT_CONVERSION = YES;
				GCC_WARN_ABOUT_RETURN_TYPE = YES_ERROR;
				GCC_WARN_UNDECLARED_SELECTOR = YES;
				GCC_WARN_UNINITIALIZED_AUTOS = YES_AGGRESSIVE;
				GCC_WARN_UNUSED_FUNCTION = YES;
				GCC_WARN_UNUSED_VARIABLE = YES;
				IPHONEOS_DEPLOYMENT_TARGET = 12.1;
				MTL_ENABLE_DEBUG_INFO = INCLUDE_SOURCE;
				MTL_FAST_MATH = YES;
				ONLY_ACTIVE_ARCH = YES;
				SDKROOT = iphoneos;
			};
			name = Debug;
		};
		E6433BCD21F6C42D003E8419 /* Release */ = {
			isa = XCBuildConfiguration;
			buildSettings = {
				ALWAYS_SEARCH_USER_PATHS = NO;
				CLANG_ANALYZER_NONNULL = YES;
				CLANG_ANALYZER_NUMBER_OBJECT_CONVERSION = YES_AGGRESSIVE;
				CLANG_CXX_LANGUAGE_STANDARD = "gnu++14";
				CLANG_CXX_LIBRARY = "libc++";
				CLANG_ENABLE_MODULES = YES;
				CLANG_ENABLE_OBJC_ARC = YES;
				CLANG_ENABLE_OBJC_WEAK = YES;
				CLANG_WARN_BLOCK_CAPTURE_AUTORELEASING = YES;
				CLANG_WARN_BOOL_CONVERSION = YES;
				CLANG_WARN_COMMA = YES;
				CLANG_WARN_CONSTANT_CONVERSION = YES;
				CLANG_WARN_DEPRECATED_OBJC_IMPLEMENTATIONS = YES;
				CLANG_WARN_DIRECT_OBJC_ISA_USAGE = YES_ERROR;
				CLANG_WARN_DOCUMENTATION_COMMENTS = YES;
				CLANG_WARN_EMPTY_BODY = YES;
				CLANG_WARN_ENUM_CONVERSION = YES;
				CLANG_WARN_INFINITE_RECURSION = YES;
				CLANG_WARN_INT_CONVERSION = YES;
				CLANG_WARN_NON_LITERAL_NULL_CONVERSION = YES;
				CLANG_WARN_OBJC_IMPLICIT_RETAIN_SELF = YES;
				CLANG_WARN_OBJC_LITERAL_CONVERSION = YES;
				CLANG_WARN_OBJC_ROOT_CLASS = YES_ERROR;
				CLANG_WARN_RANGE_LOOP_ANALYSIS = YES;
				CLANG_WARN_STRICT_PROTOTYPES = YES;
				CLANG_WARN_SUSPICIOUS_MOVE = YES;
				CLANG_WARN_UNGUARDED_AVAILABILITY = YES_AGGRESSIVE;
				CLANG_WARN_UNREACHABLE_CODE = YES;
				CLANG_WARN__DUPLICATE_METHOD_MATCH = YES;
				CODE_SIGN_IDENTITY = "iPhone Developer";
				COPY_PHASE_STRIP = NO;
				DEBUG_INFORMATION_FORMAT = "dwarf-with-dsym";
				ENABLE_NS_ASSERTIONS = NO;
				ENABLE_STRICT_OBJC_MSGSEND = YES;
				GCC_C_LANGUAGE_STANDARD = gnu11;
				GCC_NO_COMMON_BLOCKS = YES;
				GCC_WARN_64_TO_32_BIT_CONVERSION = YES;
				GCC_WARN_ABOUT_RETURN_TYPE = YES_ERROR;
				GCC_WARN_UNDECLARED_SELECTOR = YES;
				GCC_WARN_UNINITIALIZED_AUTOS = YES_AGGRESSIVE;
				GCC_WARN_UNUSED_FUNCTION = YES;
				GCC_WARN_UNUSED_VARIABLE = YES;
				IPHONEOS_DEPLOYMENT_TARGET = 12.1;
				MTL_ENABLE_DEBUG_INFO = NO;
				MTL_FAST_MATH = YES;
				SDKROOT = iphoneos;
				VALIDATE_PRODUCT = YES;
			};
			name = Release;
		};
		E6433BCF21F6C42D003E8419 /* Debug */ = {
			isa = XCBuildConfiguration;
			buildSettings = {
				ASSETCATALOG_COMPILER_APPICON_NAME = AppIcon;
				CODE_SIGN_STYLE = Automatic;
				DEVELOPMENT_TEAM = CAV3SU72C4;
				INFOPLIST_FILE = SillySnake/Info.plist;
				LD_RUNPATH_SEARCH_PATHS = (
					"$(inherited)",
					"@executable_path/Frameworks",
				);
				PRODUCT_BUNDLE_IDENTIFIER = com.annielee.SillySnake;
				PRODUCT_NAME = "$(TARGET_NAME)";
				TARGETED_DEVICE_FAMILY = "1,2";
			};
			name = Debug;
		};
		E6433BD021F6C42D003E8419 /* Release */ = {
			isa = XCBuildConfiguration;
			buildSettings = {
				ASSETCATALOG_COMPILER_APPICON_NAME = AppIcon;
				CODE_SIGN_STYLE = Automatic;
				DEVELOPMENT_TEAM = CAV3SU72C4;
				INFOPLIST_FILE = SillySnake/Info.plist;
				LD_RUNPATH_SEARCH_PATHS = (
					"$(inherited)",
					"@executable_path/Frameworks",
				);
				PRODUCT_BUNDLE_IDENTIFIER = com.annielee.SillySnake;
				PRODUCT_NAME = "$(TARGET_NAME)";
				TARGETED_DEVICE_FAMILY = "1,2";
			};
			name = Release;
		};
		E6433BD221F6C42D003E8419 /* Debug */ = {
			isa = XCBuildConfiguration;
			buildSettings = {
				BUNDLE_LOADER = "$(TEST_HOST)";
				CODE_SIGN_STYLE = Automatic;
				DEVELOPMENT_TEAM = CAV3SU72C4;
				INFOPLIST_FILE = SillySnakeTests/Info.plist;
				LD_RUNPATH_SEARCH_PATHS = (
					"$(inherited)",
					"@executable_path/Frameworks",
					"@loader_path/Frameworks",
				);
				PRODUCT_BUNDLE_IDENTIFIER = com.annielee.SillySnakeTests;
				PRODUCT_NAME = "$(TARGET_NAME)";
				TARGETED_DEVICE_FAMILY = "1,2";
				TEST_HOST = "$(BUILT_PRODUCTS_DIR)/SillySnake.app/SillySnake";
			};
			name = Debug;
		};
		E6433BD321F6C42D003E8419 /* Release */ = {
			isa = XCBuildConfiguration;
			buildSettings = {
				BUNDLE_LOADER = "$(TEST_HOST)";
				CODE_SIGN_STYLE = Automatic;
				DEVELOPMENT_TEAM = CAV3SU72C4;
				INFOPLIST_FILE = SillySnakeTests/Info.plist;
				LD_RUNPATH_SEARCH_PATHS = (
					"$(inherited)",
					"@executable_path/Frameworks",
					"@loader_path/Frameworks",
				);
				PRODUCT_BUNDLE_IDENTIFIER = com.annielee.SillySnakeTests;
				PRODUCT_NAME = "$(TARGET_NAME)";
				TARGETED_DEVICE_FAMILY = "1,2";
				TEST_HOST = "$(BUILT_PRODUCTS_DIR)/SillySnake.app/SillySnake";
			};
			name = Release;
		};
		E6433BD521F6C42D003E8419 /* Debug */ = {
			isa = XCBuildConfiguration;
			buildSettings = {
				CODE_SIGN_STYLE = Automatic;
				DEVELOPMENT_TEAM = CAV3SU72C4;
				INFOPLIST_FILE = SillySnakeUITests/Info.plist;
				LD_RUNPATH_SEARCH_PATHS = (
					"$(inherited)",
					"@executable_path/Frameworks",
					"@loader_path/Frameworks",
				);
				PRODUCT_BUNDLE_IDENTIFIER = com.annielee.SillySnakeUITests;
				PRODUCT_NAME = "$(TARGET_NAME)";
				TARGETED_DEVICE_FAMILY = "1,2";
				TEST_TARGET_NAME = SillySnake;
			};
			name = Debug;
		};
		E6433BD621F6C42D003E8419 /* Release */ = {
			isa = XCBuildConfiguration;
			buildSettings = {
				CODE_SIGN_STYLE = Automatic;
				DEVELOPMENT_TEAM = CAV3SU72C4;
				INFOPLIST_FILE = SillySnakeUITests/Info.plist;
				LD_RUNPATH_SEARCH_PATHS = (
					"$(inherited)",
					"@executable_path/Frameworks",
					"@loader_path/Frameworks",
				);
				PRODUCT_BUNDLE_IDENTIFIER = com.annielee.SillySnakeUITests;
				PRODUCT_NAME = "$(TARGET_NAME)";
				TARGETED_DEVICE_FAMILY = "1,2";
				TEST_TARGET_NAME = SillySnake;
			};
			name = Release;
		};
/* End XCBuildConfiguration section */

/* Begin XCConfigurationList section */
		E6433B9D21F6C42C003E8419 /* Build configuration list for PBXProject "SillySnake" */ = {
			isa = XCConfigurationList;
			buildConfigurations = (
				E6433BCC21F6C42D003E8419 /* Debug */,
				E6433BCD21F6C42D003E8419 /* Release */,
			);
			defaultConfigurationIsVisible = 0;
			defaultConfigurationName = Release;
		};
		E6433BCE21F6C42D003E8419 /* Build configuration list for PBXNativeTarget "SillySnake" */ = {
			isa = XCConfigurationList;
			buildConfigurations = (
				E6433BCF21F6C42D003E8419 /* Debug */,
				E6433BD021F6C42D003E8419 /* Release */,
			);
			defaultConfigurationIsVisible = 0;
			defaultConfigurationName = Release;
		};
		E6433BD121F6C42D003E8419 /* Build configuration list for PBXNativeTarget "SillySnakeTests" */ = {
			isa = XCConfigurationList;
			buildConfigurations = (
				E6433BD221F6C42D003E8419 /* Debug */,
				E6433BD321F6C42D003E8419 /* Release */,
			);
			defaultConfigurationIsVisible = 0;
			defaultConfigurationName = Release;
		};
		E6433BD421F6C42D003E8419 /* Build configuration list for PBXNativeTarget "SillySnakeUITests" */ = {
			isa = XCConfigurationList;
			buildConfigurations = (
				E6433BD521F6C42D003E8419 /* Debug */,
				E6433BD621F6C42D003E8419 /* Release */,
			);
			defaultConfigurationIsVisible = 0;
			defaultConfigurationName = Release;
		};
/* End XCConfigurationList section */
	};
	rootObject = E6433B9A21F6C42C003E8419 /* Project object */;
}
